
Microsoft Visual Studio Solution File, Format Version 12.00
# Visual Studio Version 17
VisualStudioVersion = 17.6.33801.468
MinimumVisualStudioVersion = 10.0.40219.1
Project("{9A19103F-16F7-4668-BE54-9A1E7A4F7556}") = "BAI3", "BAI3.csproj", "{0329436C-2A20-4801-A034-16DB686A0D00}"
EndProject
Project("{9A19103F-16F7-4668-BE54-9A1E7A4F7556}") = "Demo1", "..\Demo1\Demo1.csproj", "{98BDB6DB-9CDF-4E12-8042-6734AD70B402}"
EndProject
Project("{FAE04EC0-301F-11D3-BF4B-00C04F79EFBC}") = "Lab3_B3", "..\Lab3_B3\Lab3_B3.csproj", "{365B5917-1A90-4DE4-BC1C-6541EDA92A9C}"
EndProject
Global
	GlobalSection(SolutionConfigurationPlatforms) = preSolution
		Debug|Any CPU = Debug|Any CPU
		Release|Any CPU = Release|Any CPU
	EndGlobalSection
	GlobalSection(ProjectConfigurationPlatforms) = postSolution
		{0329436C-2A20-4801-A034-16DB686A0D00}.Debug|Any CPU.ActiveCfg = Debug|Any CPU
		{0329436C-2A20-4801-A034-16DB686A0D00}.Debug|Any CPU.Build.0 = Debug|Any CPU
		{0329436C-2A20-4801-A034-16DB686A0D00}.Release|Any CPU.ActiveCfg = Release|Any CPU
		{0329436C-2A20-4801-A034-16DB686A0D00}.Release|Any CPU.Build.0 = Release|Any CPU
		{98BDB6DB-9CDF-4E12-8042-6734AD70B402}.Debug|Any CPU.ActiveCfg = Debug|Any CPU
		{98BDB6DB-9CDF-4E12-8042-6734AD70B402}.Debug|Any CPU.Build.0 = Debug|Any CPU
		{98BDB6DB-9CDF-4E12-8042-6734AD70B402}.Release|Any CPU.ActiveCfg = Release|Any CPU
		{98BDB6DB-9CDF-4E12-8042-6734AD70B402}.Release|Any CPU.Build.0 = Release|Any CPU
		{365B5917-1A90-4DE4-BC1C-6541EDA92A9C}.Debug|Any CPU.ActiveCfg = Debug|Any CPU
		{365B5917-1A90-4DE4-BC1C-6541EDA92A9C}.Debug|Any CPU.Build.0 = Debug|Any CPU
		{365B5917-1A90-4DE4-BC1C-6541EDA92A9C}.Release|Any CPU.ActiveCfg = Release|Any CPU
		{365B5917-1A90-4DE4-BC1C-6541EDA92A9C}.Release|Any CPU.Build.0 = Release|Any CPU
	EndGlobalSection
	GlobalSection(SolutionProperties) = preSolution
		HideSolutionNode = FALSE
	EndGlobalSection
	GlobalSection(ExtensibilityGlobals) = postSolution
		SolutionGuid = {C25EC8B6-F080-4A3B-93DC-85AEA28244DB}
	EndGlobalSection
EndGlobal
